# THIS IS AN AUTOGENERATED FILE. DO NOT EDIT THIS FILE DIRECTLY.
# yarn lockfile v1


flow-bin@0.37.0:
  version "0.37.0"
  resolved "https://registry.yarnpkg.com/flow-bin/-/flow-bin-0.37.0.tgz#456ebbd472d20d2d970560cea0a6b3c648878307"

geojson@^0.4.1:
  version "0.4.1"
  resolved "https://registry.yarnpkg.com/geojson/-/geojson-0.4.1.tgz#c0edc41a22fc9f4667c402f966b15158f43c01d8"

moment@^2.17.1:
  version "2.18.1"
  resolved "https://registry.yarnpkg.com/moment/-/moment-2.18.1.tgz#c36193dd3ce1c2eed2adb7c802dbbc77a81b1c0f"
